{
	"name": "order-matters",
	"version": "1.0.0",
	"lockfileVersion": 1,
	"requires": true,
	"dependencies": {
		"@types/node": {
			"version": "10.11.4",
			"resolved": "https://registry.npmjs.org/@types/node/-/node-10.11.4.tgz",
			"integrity": "sha512-ojnbBiKkZFYRfQpmtnnWTMw+rzGp/JiystjluW9jgN3VzRwilXddJ6aGQ9V/7iuDG06SBgn7ozW9k3zcAnYjYQ==",
			"dev": true
		},
		"typescript": {
			"version": "github:calebsander/TypeScript#30b5a27cf33626d716f491af5681596bc8702c49",
			"from": "github:calebsander/TypeScript#feature/bigint-lkg",
			"dev": true
		}
	}
}
