{
	"name": "holey-array",
	"version": "1.0.0",
	"lockfileVersion": 1,
	"requires": true,
	"dependencies": {
		"@types/node": {
			"version": "10.5.8",
			"resolved": "https://registry.npmjs.org/@types/node/-/node-10.5.8.tgz",
			"integrity": "sha512-sWSjw+bYW/2W+1V3m8tVsm9PKJcxk3NHN7oRqNUfEdofKg0Imbdu1dQbFvLKjZQXEDXRN6IfSMACjJ7Wv4NGCQ=="
		},
		"typescript": {
			"version": "github:calebsander/TypeScript#30b5a27cf33626d716f491af5681596bc8702c49",
			"from": "github:calebsander/TypeScript#feature/bigint-lkg"
		}
	}
}
